
Microsoft Visual Studio Solution File, Format Version 10.00
# Visual Studio 2008
Project("{FAE04EC0-301F-11D3-BF4B-00C04F79EFBC}") = "PathEditor", "PathEditor\PathEditor.csproj", "{D002746C-BCD1-4AA0-A3EE-8ACFD0797CAA}"
EndProject
Project("{FAE04EC0-301F-11D3-BF4B-00C04F79EFBC}") = "PathRuntime", "PathRuntime\PathRuntime.csproj", "{7F1E8CE8-57EC-4901-830D-D62655F7298E}"
EndProject
Global
	GlobalSection(SolutionConfigurationPlatforms) = preSolution
		Debug|Any CPU = Debug|Any CPU
		Release|Any CPU = Release|Any CPU
	EndGlobalSection
	GlobalSection(ProjectConfigurationPlatforms) = postSolution
		{7F1E8CE8-57EC-4901-830D-D62655F7298E}.Debug|Any CPU.ActiveCfg = Debug|Any CPU
		{7F1E8CE8-57EC-4901-830D-D62655F7298E}.Debug|Any CPU.Build.0 = Debug|Any CPU
		{7F1E8CE8-57EC-4901-830D-D62655F7298E}.Release|Any CPU.ActiveCfg = Release|Any CPU
		{7F1E8CE8-57EC-4901-830D-D62655F7298E}.Release|Any CPU.Build.0 = Release|Any CPU
		{D002746C-BCD1-4AA0-A3EE-8ACFD0797CAA}.Debug|Any CPU.ActiveCfg = Debug|Any CPU
		{D002746C-BCD1-4AA0-A3EE-8ACFD0797CAA}.Debug|Any CPU.Build.0 = Debug|Any CPU
		{D002746C-BCD1-4AA0-A3EE-8ACFD0797CAA}.Release|Any CPU.ActiveCfg = Release|Any CPU
		{D002746C-BCD1-4AA0-A3EE-8ACFD0797CAA}.Release|Any CPU.Build.0 = Release|Any CPU
	EndGlobalSection
	GlobalSection(MonoDevelopProperties) = preSolution
		StartupItem = PathEditor\PathEditor.csproj
	EndGlobalSection
EndGlobal
